// !$*UTF8*$!
{
	archiveVersion = 1;
	classes = {
	};
	objectVersion = 56;
	objects = {

/* Begin PBXBuildFile section */
		4B43AF72562EDCFB25EE9F57 /* Pods_MySurveyChallengeTests.framework in Frameworks */ = {isa = PBXBuildFile; fileRef = E8CF7F949C989223EFCB5406 /* Pods_MySurveyChallengeTests.framework */; };
		7AEE53369D4DA94C5E36BA1E /* Pods_MySurveyChallenge.framework in Frameworks */ = {isa = PBXBuildFile; fileRef = D210FBCDF4BB5CFC962656E1 /* Pods_MySurveyChallenge.framework */; };
		E535931C1EA92C827AA11AF9 /* Pods_MySurveyChallenge_MySurveyChallengeUITests.framework in Frameworks */ = {isa = PBXBuildFile; fileRef = 7A8572ACF8CB435BCBE47E38 /* Pods_MySurveyChallenge_MySurveyChallengeUITests.framework */; };
		F86EDCFB2BCBDFBA004E98C6 /* LoginScreen.swift in Sources */ = {isa = PBXBuildFile; fileRef = F86EDCFA2BCBDFBA004E98C6 /* LoginScreen.swift */; };
		F86EDCFE2BCBE0F5004E98C6 /* InputFieldModifier.swift in Sources */ = {isa = PBXBuildFile; fileRef = F86EDCFD2BCBE0F5004E98C6 /* InputFieldModifier.swift */; };
		F86EDD002BCBE117004E98C6 /* LoginViewModel.swift in Sources */ = {isa = PBXBuildFile; fileRef = F86EDCFF2BCBE117004E98C6 /* LoginViewModel.swift */; };
		F86EDD032BCBE171004E98C6 /* View+.swift in Sources */ = {isa = PBXBuildFile; fileRef = F86EDD022BCBE171004E98C6 /* View+.swift */; };
		F86EDD072BCBE6AA004E98C6 /* LoginViewModelSpec.swift in Sources */ = {isa = PBXBuildFile; fileRef = F86EDD062BCBE6AA004E98C6 /* LoginViewModelSpec.swift */; };
		F87F195A2BCB559C003A2CA6 /* MySurveyChallengeApp.swift in Sources */ = {isa = PBXBuildFile; fileRef = F87F19592BCB559C003A2CA6 /* MySurveyChallengeApp.swift */; };
		F87F195C2BCB559C003A2CA6 /* ContentView.swift in Sources */ = {isa = PBXBuildFile; fileRef = F87F195B2BCB559C003A2CA6 /* ContentView.swift */; };
		F87F195E2BCB559E003A2CA6 /* Assets.xcassets in Resources */ = {isa = PBXBuildFile; fileRef = F87F195D2BCB559E003A2CA6 /* Assets.xcassets */; };
		F87F19612BCB559E003A2CA6 /* Preview Assets.xcassets in Resources */ = {isa = PBXBuildFile; fileRef = F87F19602BCB559E003A2CA6 /* Preview Assets.xcassets */; };
		F87F19752BCB559E003A2CA6 /* MySurveyChallengeUITests.swift in Sources */ = {isa = PBXBuildFile; fileRef = F87F19742BCB559E003A2CA6 /* MySurveyChallengeUITests.swift */; };
		F87F19772BCB559E003A2CA6 /* MySurveyChallengeUITestsLaunchTests.swift in Sources */ = {isa = PBXBuildFile; fileRef = F87F19762BCB559E003A2CA6 /* MySurveyChallengeUITestsLaunchTests.swift */; };
		F87F198A2BCB6B01003A2CA6 /* Config.swift in Sources */ = {isa = PBXBuildFile; fileRef = F87F19892BCB6B01003A2CA6 /* Config.swift */; };
		F87F19C72BCB7566003A2CA6 /* ConfigSpec.swift in Sources */ = {isa = PBXBuildFile; fileRef = F87F19C62BCB7566003A2CA6 /* ConfigSpec.swift */; };
		F87F19CB2BCB7918003A2CA6 /* NeuzeitSLTStd-Book.otf in Resources */ = {isa = PBXBuildFile; fileRef = F87F19C92BCB7918003A2CA6 /* NeuzeitSLTStd-Book.otf */; };
		F87F19CC2BCB7918003A2CA6 /* NeuzeitSLTStd-BookHeavy.otf in Resources */ = {isa = PBXBuildFile; fileRef = F87F19CA2BCB7918003A2CA6 /* NeuzeitSLTStd-BookHeavy.otf */; };
		F87F19D42BCB7B53003A2CA6 /* R.generated.swift in Sources */ = {isa = PBXBuildFile; fileRef = F87F19D32BCB7B53003A2CA6 /* R.generated.swift */; };
		F87F19DB2BCB8967003A2CA6 /* NetworkAPIClient.swift in Sources */ = {isa = PBXBuildFile; fileRef = F87F19DA2BCB8967003A2CA6 /* NetworkAPIClient.swift */; };
		F87F19DD2BCB8988003A2CA6 /* NetworkAPIError.swift in Sources */ = {isa = PBXBuildFile; fileRef = F87F19DC2BCB8988003A2CA6 /* NetworkAPIError.swift */; };
		F87F19DF2BCB8E69003A2CA6 /* RequestEndpoint.swift in Sources */ = {isa = PBXBuildFile; fileRef = F87F19DE2BCB8E69003A2CA6 /* RequestEndpoint.swift */; };
		F87F19E22BCB8FB6003A2CA6 /* NetworkJSONAPIClient.swift in Sources */ = {isa = PBXBuildFile; fileRef = F87F19E12BCB8FB6003A2CA6 /* NetworkJSONAPIClient.swift */; };
		F87F19E42BCB9026003A2CA6 /* JapxResponse.swift in Sources */ = {isa = PBXBuildFile; fileRef = F87F19E32BCB9026003A2CA6 /* JapxResponse.swift */; };
		F87F19E72BCB90B2003A2CA6 /* NetworkAPIClientFactory.swift in Sources */ = {isa = PBXBuildFile; fileRef = F87F19E62BCB90B2003A2CA6 /* NetworkAPIClientFactory.swift */; };
		F87F19EB2BCB911C003A2CA6 /* ConsoleLogEventMonitor.swift in Sources */ = {isa = PBXBuildFile; fileRef = F87F19EA2BCB911C003A2CA6 /* ConsoleLogEventMonitor.swift */; };
		F87F19ED2BCB915A003A2CA6 /* NetworkAPIClientProvider.swift in Sources */ = {isa = PBXBuildFile; fileRef = F87F19EC2BCB915A003A2CA6 /* NetworkAPIClientProvider.swift */; };
		F87F19F42BCB9338003A2CA6 /* DummyJSONAPIDTO.swift in Sources */ = {isa = PBXBuildFile; fileRef = F87F19F32BCB9338003A2CA6 /* DummyJSONAPIDTO.swift */; };
		F87F19F62BCB9359003A2CA6 /* DummyRequestEndpoint.swift in Sources */ = {isa = PBXBuildFile; fileRef = F87F19F52BCB9359003A2CA6 /* DummyRequestEndpoint.swift */; };
		F87F19F92BCB93EC003A2CA6 /* String+.swift in Sources */ = {isa = PBXBuildFile; fileRef = F87F19F82BCB93EC003A2CA6 /* String+.swift */; };
		F87F1A012BCB9B4D003A2CA6 /* NetworkJSONAPIClientSpec.swift in Sources */ = {isa = PBXBuildFile; fileRef = F87F1A002BCB9B4D003A2CA6 /* NetworkJSONAPIClientSpec.swift */; };
		F87F1A052BCB9C20003A2CA6 /* HTTPRequestStubber.swift in Sources */ = {isa = PBXBuildFile; fileRef = F87F1A042BCB9C20003A2CA6 /* HTTPRequestStubber.swift */; };
		F8A2FE932BCC30D6003AA6BE /* UIWindow+.swift in Sources */ = {isa = PBXBuildFile; fileRef = F8A2FE922BCC30D6003AA6BE /* UIWindow+.swift */; };
/* End PBXBuildFile section */

/* Begin PBXContainerItemProxy section */
		F87F19672BCB559E003A2CA6 /* PBXContainerItemProxy */ = {
			isa = PBXContainerItemProxy;
			containerPortal = F87F194E2BCB559C003A2CA6 /* Project object */;
			proxyType = 1;
			remoteGlobalIDString = F87F19552BCB559C003A2CA6;
			remoteInfo = MySurveyChallenge;
		};
		F87F19712BCB559E003A2CA6 /* PBXContainerItemProxy */ = {
			isa = PBXContainerItemProxy;
			containerPortal = F87F194E2BCB559C003A2CA6 /* Project object */;
			proxyType = 1;
			remoteGlobalIDString = F87F19552BCB559C003A2CA6;
			remoteInfo = MySurveyChallenge;
		};
/* End PBXContainerItemProxy section */

/* Begin PBXFileReference section */
		5F02FE1D3BBEC5CB40E82691 /* Pods-MySurveyChallenge-MySurveyChallengeUITests.debug.xcconfig */ = {isa = PBXFileReference; includeInIndex = 1; lastKnownFileType = text.xcconfig; name = "Pods-MySurveyChallenge-MySurveyChallengeUITests.debug.xcconfig"; path = "Target Support Files/Pods-MySurveyChallenge-MySurveyChallengeUITests/Pods-MySurveyChallenge-MySurveyChallengeUITests.debug.xcconfig"; sourceTree = "<group>"; };
		623C900A3A21B1A9B3B7B10C /* Pods-MySurveyChallengeTests.release.xcconfig */ = {isa = PBXFileReference; includeInIndex = 1; lastKnownFileType = text.xcconfig; name = "Pods-MySurveyChallengeTests.release.xcconfig"; path = "Target Support Files/Pods-MySurveyChallengeTests/Pods-MySurveyChallengeTests.release.xcconfig"; sourceTree = "<group>"; };
		76312B7B83C582764DA8CF1F /* Pods-MySurveyChallenge.release.xcconfig */ = {isa = PBXFileReference; includeInIndex = 1; lastKnownFileType = text.xcconfig; name = "Pods-MySurveyChallenge.release.xcconfig"; path = "Target Support Files/Pods-MySurveyChallenge/Pods-MySurveyChallenge.release.xcconfig"; sourceTree = "<group>"; };
		7A8572ACF8CB435BCBE47E38 /* Pods_MySurveyChallenge_MySurveyChallengeUITests.framework */ = {isa = PBXFileReference; explicitFileType = wrapper.framework; includeInIndex = 0; path = Pods_MySurveyChallenge_MySurveyChallengeUITests.framework; sourceTree = BUILT_PRODUCTS_DIR; };
		7BDC9C1E8C5172C29281EAF3 /* Pods-MySurveyChallenge-MySurveyChallengeUITests.release.xcconfig */ = {isa = PBXFileReference; includeInIndex = 1; lastKnownFileType = text.xcconfig; name = "Pods-MySurveyChallenge-MySurveyChallengeUITests.release.xcconfig"; path = "Target Support Files/Pods-MySurveyChallenge-MySurveyChallengeUITests/Pods-MySurveyChallenge-MySurveyChallengeUITests.release.xcconfig"; sourceTree = "<group>"; };
		A43B6AAC0D715D96310CC5E1 /* Pods-MySurveyChallengeTests.debug.xcconfig */ = {isa = PBXFileReference; includeInIndex = 1; lastKnownFileType = text.xcconfig; name = "Pods-MySurveyChallengeTests.debug.xcconfig"; path = "Target Support Files/Pods-MySurveyChallengeTests/Pods-MySurveyChallengeTests.debug.xcconfig"; sourceTree = "<group>"; };
		A5D759E830BF01829BEAEC66 /* Pods-MySurveyChallenge.debug.xcconfig */ = {isa = PBXFileReference; includeInIndex = 1; lastKnownFileType = text.xcconfig; name = "Pods-MySurveyChallenge.debug.xcconfig"; path = "Target Support Files/Pods-MySurveyChallenge/Pods-MySurveyChallenge.debug.xcconfig"; sourceTree = "<group>"; };
		D210FBCDF4BB5CFC962656E1 /* Pods_MySurveyChallenge.framework */ = {isa = PBXFileReference; explicitFileType = wrapper.framework; includeInIndex = 0; path = Pods_MySurveyChallenge.framework; sourceTree = BUILT_PRODUCTS_DIR; };
		E8CF7F949C989223EFCB5406 /* Pods_MySurveyChallengeTests.framework */ = {isa = PBXFileReference; explicitFileType = wrapper.framework; includeInIndex = 0; path = Pods_MySurveyChallengeTests.framework; sourceTree = BUILT_PRODUCTS_DIR; };
		F86EDCFA2BCBDFBA004E98C6 /* LoginScreen.swift */ = {isa = PBXFileReference; lastKnownFileType = sourcecode.swift; path = LoginScreen.swift; sourceTree = "<group>"; };
		F86EDCFD2BCBE0F5004E98C6 /* InputFieldModifier.swift */ = {isa = PBXFileReference; lastKnownFileType = sourcecode.swift; path = InputFieldModifier.swift; sourceTree = "<group>"; };
		F86EDCFF2BCBE117004E98C6 /* LoginViewModel.swift */ = {isa = PBXFileReference; lastKnownFileType = sourcecode.swift; path = LoginViewModel.swift; sourceTree = "<group>"; };
		F86EDD022BCBE171004E98C6 /* View+.swift */ = {isa = PBXFileReference; lastKnownFileType = sourcecode.swift; path = "View+.swift"; sourceTree = "<group>"; };
		F86EDD062BCBE6AA004E98C6 /* LoginViewModelSpec.swift */ = {isa = PBXFileReference; lastKnownFileType = sourcecode.swift; path = LoginViewModelSpec.swift; sourceTree = "<group>"; };
		F87F19562BCB559C003A2CA6 /* MySurveyChallenge.app */ = {isa = PBXFileReference; explicitFileType = wrapper.application; includeInIndex = 0; path = MySurveyChallenge.app; sourceTree = BUILT_PRODUCTS_DIR; };
		F87F19592BCB559C003A2CA6 /* MySurveyChallengeApp.swift */ = {isa = PBXFileReference; lastKnownFileType = sourcecode.swift; path = MySurveyChallengeApp.swift; sourceTree = "<group>"; };
		F87F195B2BCB559C003A2CA6 /* ContentView.swift */ = {isa = PBXFileReference; lastKnownFileType = sourcecode.swift; path = ContentView.swift; sourceTree = "<group>"; };
		F87F195D2BCB559E003A2CA6 /* Assets.xcassets */ = {isa = PBXFileReference; lastKnownFileType = folder.assetcatalog; path = Assets.xcassets; sourceTree = "<group>"; };
		F87F19602BCB559E003A2CA6 /* Preview Assets.xcassets */ = {isa = PBXFileReference; lastKnownFileType = folder.assetcatalog; path = "Preview Assets.xcassets"; sourceTree = "<group>"; };
		F87F19662BCB559E003A2CA6 /* MySurveyChallengeTests.xctest */ = {isa = PBXFileReference; explicitFileType = wrapper.cfbundle; includeInIndex = 0; path = MySurveyChallengeTests.xctest; sourceTree = BUILT_PRODUCTS_DIR; };
		F87F19702BCB559E003A2CA6 /* MySurveyChallengeUITests.xctest */ = {isa = PBXFileReference; explicitFileType = wrapper.cfbundle; includeInIndex = 0; path = MySurveyChallengeUITests.xctest; sourceTree = BUILT_PRODUCTS_DIR; };
		F87F19742BCB559E003A2CA6 /* MySurveyChallengeUITests.swift */ = {isa = PBXFileReference; lastKnownFileType = sourcecode.swift; path = MySurveyChallengeUITests.swift; sourceTree = "<group>"; };
		F87F19762BCB559E003A2CA6 /* MySurveyChallengeUITestsLaunchTests.swift */ = {isa = PBXFileReference; lastKnownFileType = sourcecode.swift; path = MySurveyChallengeUITestsLaunchTests.swift; sourceTree = "<group>"; };
		F87F19832BCB6669003A2CA6 /* MySurveyChallenge.xctestplan */ = {isa = PBXFileReference; lastKnownFileType = text; path = MySurveyChallenge.xctestplan; sourceTree = "<group>"; };
		F87F19852BCB69C2003A2CA6 /* Production.xcconfig */ = {isa = PBXFileReference; lastKnownFileType = text.xcconfig; path = Production.xcconfig; sourceTree = "<group>"; };
		F87F19862BCB6A1D003A2CA6 /* Info.plist */ = {isa = PBXFileReference; lastKnownFileType = text.plist.xml; path = Info.plist; sourceTree = "<group>"; };
		F87F19892BCB6B01003A2CA6 /* Config.swift */ = {isa = PBXFileReference; lastKnownFileType = sourcecode.swift; path = Config.swift; sourceTree = "<group>"; };
		F87F19C62BCB7566003A2CA6 /* ConfigSpec.swift */ = {isa = PBXFileReference; lastKnownFileType = sourcecode.swift; path = ConfigSpec.swift; sourceTree = "<group>"; };
		F87F19C92BCB7918003A2CA6 /* NeuzeitSLTStd-Book.otf */ = {isa = PBXFileReference; lastKnownFileType = file; path = "NeuzeitSLTStd-Book.otf"; sourceTree = "<group>"; };
		F87F19CA2BCB7918003A2CA6 /* NeuzeitSLTStd-BookHeavy.otf */ = {isa = PBXFileReference; lastKnownFileType = file; path = "NeuzeitSLTStd-BookHeavy.otf"; sourceTree = "<group>"; };
		F87F19D32BCB7B53003A2CA6 /* R.generated.swift */ = {isa = PBXFileReference; fileEncoding = 4; lastKnownFileType = sourcecode.swift; path = R.generated.swift; sourceTree = "<group>"; };
		F87F19DA2BCB8967003A2CA6 /* NetworkAPIClient.swift */ = {isa = PBXFileReference; lastKnownFileType = sourcecode.swift; path = NetworkAPIClient.swift; sourceTree = "<group>"; };
		F87F19DC2BCB8988003A2CA6 /* NetworkAPIError.swift */ = {isa = PBXFileReference; lastKnownFileType = sourcecode.swift; path = NetworkAPIError.swift; sourceTree = "<group>"; };
		F87F19DE2BCB8E69003A2CA6 /* RequestEndpoint.swift */ = {isa = PBXFileReference; lastKnownFileType = sourcecode.swift; path = RequestEndpoint.swift; sourceTree = "<group>"; };
		F87F19E12BCB8FB6003A2CA6 /* NetworkJSONAPIClient.swift */ = {isa = PBXFileReference; lastKnownFileType = sourcecode.swift; path = NetworkJSONAPIClient.swift; sourceTree = "<group>"; };
		F87F19E32BCB9026003A2CA6 /* JapxResponse.swift */ = {isa = PBXFileReference; lastKnownFileType = sourcecode.swift; path = JapxResponse.swift; sourceTree = "<group>"; };
		F87F19E62BCB90B2003A2CA6 /* NetworkAPIClientFactory.swift */ = {isa = PBXFileReference; lastKnownFileType = sourcecode.swift; path = NetworkAPIClientFactory.swift; sourceTree = "<group>"; };
		F87F19EA2BCB911C003A2CA6 /* ConsoleLogEventMonitor.swift */ = {isa = PBXFileReference; lastKnownFileType = sourcecode.swift; path = ConsoleLogEventMonitor.swift; sourceTree = "<group>"; };
		F87F19EC2BCB915A003A2CA6 /* NetworkAPIClientProvider.swift */ = {isa = PBXFileReference; lastKnownFileType = sourcecode.swift; path = NetworkAPIClientProvider.swift; sourceTree = "<group>"; };
		F87F19F32BCB9338003A2CA6 /* DummyJSONAPIDTO.swift */ = {isa = PBXFileReference; lastKnownFileType = sourcecode.swift; path = DummyJSONAPIDTO.swift; sourceTree = "<group>"; };
		F87F19F52BCB9359003A2CA6 /* DummyRequestEndpoint.swift */ = {isa = PBXFileReference; lastKnownFileType = sourcecode.swift; path = DummyRequestEndpoint.swift; sourceTree = "<group>"; };
		F87F19F82BCB93EC003A2CA6 /* String+.swift */ = {isa = PBXFileReference; lastKnownFileType = sourcecode.swift; path = "String+.swift"; sourceTree = "<group>"; };
		F87F1A002BCB9B4D003A2CA6 /* NetworkJSONAPIClientSpec.swift */ = {isa = PBXFileReference; lastKnownFileType = sourcecode.swift; path = NetworkJSONAPIClientSpec.swift; sourceTree = "<group>"; };
		F87F1A042BCB9C20003A2CA6 /* HTTPRequestStubber.swift */ = {isa = PBXFileReference; lastKnownFileType = sourcecode.swift; path = HTTPRequestStubber.swift; sourceTree = "<group>"; };
		F8A2FE922BCC30D6003AA6BE /* UIWindow+.swift */ = {isa = PBXFileReference; lastKnownFileType = sourcecode.swift; path = "UIWindow+.swift"; sourceTree = "<group>"; };
/* End PBXFileReference section */

/* Begin PBXFrameworksBuildPhase section */
		F87F19532BCB559C003A2CA6 /* Frameworks */ = {
			isa = PBXFrameworksBuildPhase;
			buildActionMask = 2147483647;
			files = (
				7AEE53369D4DA94C5E36BA1E /* Pods_MySurveyChallenge.framework in Frameworks */,
			);
			runOnlyForDeploymentPostprocessing = 0;
		};
		F87F19632BCB559E003A2CA6 /* Frameworks */ = {
			isa = PBXFrameworksBuildPhase;
			buildActionMask = 2147483647;
			files = (
				4B43AF72562EDCFB25EE9F57 /* Pods_MySurveyChallengeTests.framework in Frameworks */,
			);
			runOnlyForDeploymentPostprocessing = 0;
		};
		F87F196D2BCB559E003A2CA6 /* Frameworks */ = {
			isa = PBXFrameworksBuildPhase;
			buildActionMask = 2147483647;
			files = (
				E535931C1EA92C827AA11AF9 /* Pods_MySurveyChallenge_MySurveyChallengeUITests.framework in Frameworks */,
			);
			runOnlyForDeploymentPostprocessing = 0;
		};
/* End PBXFrameworksBuildPhase section */

/* Begin PBXGroup section */
		A7FD14FF1226B415B8029772 /* Pods */ = {
			isa = PBXGroup;
			children = (
				A5D759E830BF01829BEAEC66 /* Pods-MySurveyChallenge.debug.xcconfig */,
				76312B7B83C582764DA8CF1F /* Pods-MySurveyChallenge.release.xcconfig */,
				5F02FE1D3BBEC5CB40E82691 /* Pods-MySurveyChallenge-MySurveyChallengeUITests.debug.xcconfig */,
				7BDC9C1E8C5172C29281EAF3 /* Pods-MySurveyChallenge-MySurveyChallengeUITests.release.xcconfig */,
				A43B6AAC0D715D96310CC5E1 /* Pods-MySurveyChallengeTests.debug.xcconfig */,
				623C900A3A21B1A9B3B7B10C /* Pods-MySurveyChallengeTests.release.xcconfig */,
			);
			path = Pods;
			sourceTree = "<group>";
		};
		AB52E3A2915ACC45EDCC1E8D /* Frameworks */ = {
			isa = PBXGroup;
			children = (
				D210FBCDF4BB5CFC962656E1 /* Pods_MySurveyChallenge.framework */,
				7A8572ACF8CB435BCBE47E38 /* Pods_MySurveyChallenge_MySurveyChallengeUITests.framework */,
				E8CF7F949C989223EFCB5406 /* Pods_MySurveyChallengeTests.framework */,
			);
			name = Frameworks;
			sourceTree = "<group>";
		};
		F86EDCF52BCBDF22004E98C6 /* Presentation */ = {
			isa = PBXGroup;
			children = (
				F86EDD012BCBE162004E98C6 /* Utils */,
				F86EDCF62BCBDF38004E98C6 /* Modules */,
			);
			path = Presentation;
			sourceTree = "<group>";
		};
		F86EDCF62BCBDF38004E98C6 /* Modules */ = {
			isa = PBXGroup;
			children = (
				F86EDCF72BCBDF4B004E98C6 /* Login */,
			);
			path = Modules;
			sourceTree = "<group>";
		};
		F86EDCF72BCBDF4B004E98C6 /* Login */ = {
			isa = PBXGroup;
			children = (
				F86EDCF92BCBDF81004E98C6 /* ViewModifiers */,
				F86EDCF82BCBDF6C004E98C6 /* Views */,
				F86EDCFC2BCBE0D3004E98C6 /* ViewModels */,
			);
			path = Login;
			sourceTree = "<group>";
		};
		F86EDCF82BCBDF6C004E98C6 /* Views */ = {
			isa = PBXGroup;
			children = (
				F86EDCFA2BCBDFBA004E98C6 /* LoginScreen.swift */,
			);
			path = Views;
			sourceTree = "<group>";
		};
		F86EDCF92BCBDF81004E98C6 /* ViewModifiers */ = {
			isa = PBXGroup;
			children = (
				F86EDCFD2BCBE0F5004E98C6 /* InputFieldModifier.swift */,
			);
			path = ViewModifiers;
			sourceTree = "<group>";
		};
		F86EDCFC2BCBE0D3004E98C6 /* ViewModels */ = {
			isa = PBXGroup;
			children = (
				F86EDCFF2BCBE117004E98C6 /* LoginViewModel.swift */,
			);
			path = ViewModels;
			sourceTree = "<group>";
		};
		F86EDD012BCBE162004E98C6 /* Utils */ = {
			isa = PBXGroup;
			children = (
				F86EDD022BCBE171004E98C6 /* View+.swift */,
				F8A2FE922BCC30D6003AA6BE /* UIWindow+.swift */,
			);
			path = Utils;
			sourceTree = "<group>";
		};
		F86EDD042BCBE682004E98C6 /* Presentation */ = {
			isa = PBXGroup;
			children = (
				F86EDD052BCBE694004E98C6 /* Specs */,
			);
			path = Presentation;
			sourceTree = "<group>";
		};
		F86EDD052BCBE694004E98C6 /* Specs */ = {
			isa = PBXGroup;
			children = (
				F86EDD062BCBE6AA004E98C6 /* LoginViewModelSpec.swift */,
			);
			path = Specs;
			sourceTree = "<group>";
		};
		F87F194D2BCB559C003A2CA6 = {
			isa = PBXGroup;
			children = (
				F87F19832BCB6669003A2CA6 /* MySurveyChallenge.xctestplan */,
				F87F19D12BCB7B53003A2CA6 /* Generated */,
				F87F19582BCB559C003A2CA6 /* MySurveyChallenge */,
				F87F19692BCB559E003A2CA6 /* MySurveyChallengeTests */,
				F87F19732BCB559E003A2CA6 /* MySurveyChallengeUITests */,
				F87F19572BCB559C003A2CA6 /* Products */,
				A7FD14FF1226B415B8029772 /* Pods */,
				AB52E3A2915ACC45EDCC1E8D /* Frameworks */,
			);
			sourceTree = "<group>";
		};
		F87F19572BCB559C003A2CA6 /* Products */ = {
			isa = PBXGroup;
			children = (
				F87F19562BCB559C003A2CA6 /* MySurveyChallenge.app */,
				F87F19662BCB559E003A2CA6 /* MySurveyChallengeTests.xctest */,
				F87F19702BCB559E003A2CA6 /* MySurveyChallengeUITests.xctest */,
			);
			name = Products;
			sourceTree = "<group>";
		};
		F87F19582BCB559C003A2CA6 /* MySurveyChallenge */ = {
			isa = PBXGroup;
			children = (
				F87F19C82BCB78FE003A2CA6 /* Resources */,
				F87F19842BCB699D003A2CA6 /* Configurations */,
				F87F19872BCB6AE4003A2CA6 /* Modules */,
				F87F19592BCB559C003A2CA6 /* MySurveyChallengeApp.swift */,
				F87F195B2BCB559C003A2CA6 /* ContentView.swift */,
				F87F195F2BCB559E003A2CA6 /* Preview Content */,
			);
			path = MySurveyChallenge;
			sourceTree = "<group>";
		};
		F87F195F2BCB559E003A2CA6 /* Preview Content */ = {
			isa = PBXGroup;
			children = (
				F87F19602BCB559E003A2CA6 /* Preview Assets.xcassets */,
			);
			path = "Preview Content";
			sourceTree = "<group>";
		};
		F87F19692BCB559E003A2CA6 /* MySurveyChallengeTests */ = {
			isa = PBXGroup;
			children = (
				F87F19C32BCB752F003A2CA6 /* Modules */,
			);
			path = MySurveyChallengeTests;
			sourceTree = "<group>";
		};
		F87F19732BCB559E003A2CA6 /* MySurveyChallengeUITests */ = {
			isa = PBXGroup;
			children = (
				F87F19742BCB559E003A2CA6 /* MySurveyChallengeUITests.swift */,
				F87F19762BCB559E003A2CA6 /* MySurveyChallengeUITestsLaunchTests.swift */,
			);
			path = MySurveyChallengeUITests;
			sourceTree = "<group>";
		};
		F87F19842BCB699D003A2CA6 /* Configurations */ = {
			isa = PBXGroup;
			children = (
				F87F19862BCB6A1D003A2CA6 /* Info.plist */,
				F87F19852BCB69C2003A2CA6 /* Production.xcconfig */,
			);
			path = Configurations;
			sourceTree = "<group>";
		};
		F87F19872BCB6AE4003A2CA6 /* Modules */ = {
			isa = PBXGroup;
			children = (
				F87F19882BCB6AF2003A2CA6 /* Shared */,
				F86EDCF52BCBDF22004E98C6 /* Presentation */,
				F87F19D72BCB8412003A2CA6 /* Data */,
			);
			path = Modules;
			sourceTree = "<group>";
		};
		F87F19882BCB6AF2003A2CA6 /* Shared */ = {
			isa = PBXGroup;
			children = (
				F87F19892BCB6B01003A2CA6 /* Config.swift */,
			);
			path = Shared;
			sourceTree = "<group>";
		};
		F87F19C32BCB752F003A2CA6 /* Modules */ = {
			isa = PBXGroup;
			children = (
				F87F19C42BCB7556003A2CA6 /* Shared */,
				F86EDD042BCBE682004E98C6 /* Presentation */,
				F87F19EE2BCB91E6003A2CA6 /* Data */,
			);
			path = Modules;
			sourceTree = "<group>";
		};
		F87F19C42BCB7556003A2CA6 /* Shared */ = {
			isa = PBXGroup;
			children = (
				F87F19C52BCB755A003A2CA6 /* Specs */,
			);
			path = Shared;
			sourceTree = "<group>";
		};
		F87F19C52BCB755A003A2CA6 /* Specs */ = {
			isa = PBXGroup;
			children = (
				F87F19C62BCB7566003A2CA6 /* ConfigSpec.swift */,
			);
			path = Specs;
			sourceTree = "<group>";
		};
		F87F19C82BCB78FE003A2CA6 /* Resources */ = {
			isa = PBXGroup;
			children = (
				F87F19C92BCB7918003A2CA6 /* NeuzeitSLTStd-Book.otf */,
				F87F19CA2BCB7918003A2CA6 /* NeuzeitSLTStd-BookHeavy.otf */,
				F87F195D2BCB559E003A2CA6 /* Assets.xcassets */,
			);
			path = Resources;
			sourceTree = "<group>";
		};
		F87F19D12BCB7B53003A2CA6 /* Generated */ = {
			isa = PBXGroup;
			children = (
				F87F19D22BCB7B53003A2CA6 /* Rswift */,
			);
			path = Generated;
			sourceTree = "<group>";
		};
		F87F19D22BCB7B53003A2CA6 /* Rswift */ = {
			isa = PBXGroup;
			children = (
				F87F19D32BCB7B53003A2CA6 /* R.generated.swift */,
			);
			path = Rswift;
			sourceTree = "<group>";
		};
		F87F19D72BCB8412003A2CA6 /* Data */ = {
			isa = PBXGroup;
			children = (
				F87F19F72BCB93DC003A2CA6 /* Utils */,
				F87F19D82BCB88CD003A2CA6 /* Networking */,
			);
			path = Data;
			sourceTree = "<group>";
		};
		F87F19D82BCB88CD003A2CA6 /* Networking */ = {
			isa = PBXGroup;
			children = (
				F87F19E92BCB90FD003A2CA6 /* Intercepters */,
				F87F19E82BCB90D0003A2CA6 /* Core */,
			);
			path = Networking;
			sourceTree = "<group>";
		};
		F87F19D92BCB88E5003A2CA6 /* NetworkAPIClient */ = {
			isa = PBXGroup;
			children = (
				F87F19DA2BCB8967003A2CA6 /* NetworkAPIClient.swift */,
				F87F19DC2BCB8988003A2CA6 /* NetworkAPIError.swift */,
				F87F19DE2BCB8E69003A2CA6 /* RequestEndpoint.swift */,
			);
			path = NetworkAPIClient;
			sourceTree = "<group>";
		};
		F87F19E02BCB8F99003A2CA6 /* NetworkJSONAPIClient */ = {
			isa = PBXGroup;
			children = (
				F87F19E12BCB8FB6003A2CA6 /* NetworkJSONAPIClient.swift */,
				F87F19E62BCB90B2003A2CA6 /* NetworkAPIClientFactory.swift */,
				F87F19EC2BCB915A003A2CA6 /* NetworkAPIClientProvider.swift */,
				F87F19E32BCB9026003A2CA6 /* JapxResponse.swift */,
			);
			path = NetworkJSONAPIClient;
			sourceTree = "<group>";
		};
		F87F19E82BCB90D0003A2CA6 /* Core */ = {
			isa = PBXGroup;
			children = (
				F87F19D92BCB88E5003A2CA6 /* NetworkAPIClient */,
				F87F19E02BCB8F99003A2CA6 /* NetworkJSONAPIClient */,
			);
			path = Core;
			sourceTree = "<group>";
		};
		F87F19E92BCB90FD003A2CA6 /* Intercepters */ = {
			isa = PBXGroup;
			children = (
				F87F19EA2BCB911C003A2CA6 /* ConsoleLogEventMonitor.swift */,
			);
			path = Intercepters;
			sourceTree = "<group>";
		};
		F87F19EE2BCB91E6003A2CA6 /* Data */ = {
			isa = PBXGroup;
			children = (
				F87F1A032BCB9C0B003A2CA6 /* Utils */,
				F87F19EF2BCB921F003A2CA6 /* Sources */,
				F87F19FC2BCB9AFD003A2CA6 /* Specs */,
			);
			path = Data;
			sourceTree = "<group>";
		};
		F87F19EF2BCB921F003A2CA6 /* Sources */ = {
			isa = PBXGroup;
			children = (
				F87F19F02BCB9230003A2CA6 /* Dummies */,
			);
			path = Sources;
			sourceTree = "<group>";
		};
		F87F19F02BCB9230003A2CA6 /* Dummies */ = {
			isa = PBXGroup;
			children = (
				F87F19F12BCB931E003A2CA6 /* DTOs */,
				F87F19F22BCB9324003A2CA6 /* RequestEndpoints */,
			);
			path = Dummies;
			sourceTree = "<group>";
		};
		F87F19F12BCB931E003A2CA6 /* DTOs */ = {
			isa = PBXGroup;
			children = (
				F87F19F32BCB9338003A2CA6 /* DummyJSONAPIDTO.swift */,
			);
			path = DTOs;
			sourceTree = "<group>";
		};
		F87F19F22BCB9324003A2CA6 /* RequestEndpoints */ = {
			isa = PBXGroup;
			children = (
				F87F19F52BCB9359003A2CA6 /* DummyRequestEndpoint.swift */,
			);
			path = RequestEndpoints;
			sourceTree = "<group>";
		};
		F87F19F72BCB93DC003A2CA6 /* Utils */ = {
			isa = PBXGroup;
			children = (
				F87F19F82BCB93EC003A2CA6 /* String+.swift */,
			);
			path = Utils;
			sourceTree = "<group>";
		};
		F87F19FC2BCB9AFD003A2CA6 /* Specs */ = {
			isa = PBXGroup;
			children = (
				F87F19FD2BCB9B1D003A2CA6 /* Networking */,
			);
			path = Specs;
			sourceTree = "<group>";
		};
		F87F19FD2BCB9B1D003A2CA6 /* Networking */ = {
			isa = PBXGroup;
			children = (
				F87F19FE2BCB9B24003A2CA6 /* Core */,
			);
			path = Networking;
			sourceTree = "<group>";
		};
		F87F19FE2BCB9B24003A2CA6 /* Core */ = {
			isa = PBXGroup;
			children = (
				F87F19FF2BCB9B2E003A2CA6 /* NetworkJSONAPIClient */,
			);
			path = Core;
			sourceTree = "<group>";
		};
		F87F19FF2BCB9B2E003A2CA6 /* NetworkJSONAPIClient */ = {
			isa = PBXGroup;
			children = (
				F87F1A002BCB9B4D003A2CA6 /* NetworkJSONAPIClientSpec.swift */,
			);
			path = NetworkJSONAPIClient;
			sourceTree = "<group>";
		};
		F87F1A032BCB9C0B003A2CA6 /* Utils */ = {
			isa = PBXGroup;
			children = (
				F87F1A042BCB9C20003A2CA6 /* HTTPRequestStubber.swift */,
			);
			path = Utils;
			sourceTree = "<group>";
		};
/* End PBXGroup section */

/* Begin PBXNativeTarget section */
		F87F19552BCB559C003A2CA6 /* MySurveyChallenge */ = {
			isa = PBXNativeTarget;
			buildConfigurationList = F87F197A2BCB559E003A2CA6 /* Build configuration list for PBXNativeTarget "MySurveyChallenge" */;
			buildPhases = (
				DBA5CD54AD3477DA690A546C /* [CP] Check Pods Manifest.lock */,
				F87F19CF2BCB7968003A2CA6 /* R.swift */,
				F87F19522BCB559C003A2CA6 /* Sources */,
				F87F19532BCB559C003A2CA6 /* Frameworks */,
				F87F19542BCB559C003A2CA6 /* Resources */,
				F6AA2D07EAB08272CF1DAD1A /* [CP] Embed Pods Frameworks */,
			);
			buildRules = (
			);
			dependencies = (
			);
			name = MySurveyChallenge;
			productName = MySurveyChallenge;
			productReference = F87F19562BCB559C003A2CA6 /* MySurveyChallenge.app */;
			productType = "com.apple.product-type.application";
		};
		F87F19652BCB559E003A2CA6 /* MySurveyChallengeTests */ = {
			isa = PBXNativeTarget;
			buildConfigurationList = F87F197D2BCB559E003A2CA6 /* Build configuration list for PBXNativeTarget "MySurveyChallengeTests" */;
			buildPhases = (
				F2DC743E03417A8B62F783E5 /* [CP] Check Pods Manifest.lock */,
				F87F19622BCB559E003A2CA6 /* Sources */,
				F87F19632BCB559E003A2CA6 /* Frameworks */,
				F87F19642BCB559E003A2CA6 /* Resources */,
				ED5495ED2B7574B25A4518E7 /* [CP] Embed Pods Frameworks */,
			);
			buildRules = (
			);
			dependencies = (
				F87F19682BCB559E003A2CA6 /* PBXTargetDependency */,
			);
			name = MySurveyChallengeTests;
			productName = MySurveyChallengeTests;
			productReference = F87F19662BCB559E003A2CA6 /* MySurveyChallengeTests.xctest */;
			productType = "com.apple.product-type.bundle.unit-test";
		};
		F87F196F2BCB559E003A2CA6 /* MySurveyChallengeUITests */ = {
			isa = PBXNativeTarget;
			buildConfigurationList = F87F19802BCB559E003A2CA6 /* Build configuration list for PBXNativeTarget "MySurveyChallengeUITests" */;
			buildPhases = (
				FA47A2A5F2DE1F6454EE75BA /* [CP] Check Pods Manifest.lock */,
				F87F196C2BCB559E003A2CA6 /* Sources */,
				F87F196D2BCB559E003A2CA6 /* Frameworks */,
				F87F196E2BCB559E003A2CA6 /* Resources */,
				AAE9783F3731E6534710E59E /* [CP] Embed Pods Frameworks */,
			);
			buildRules = (
			);
			dependencies = (
				F87F19722BCB559E003A2CA6 /* PBXTargetDependency */,
			);
			name = MySurveyChallengeUITests;
			productName = MySurveyChallengeUITests;
			productReference = F87F19702BCB559E003A2CA6 /* MySurveyChallengeUITests.xctest */;
			productType = "com.apple.product-type.bundle.ui-testing";
		};
/* End PBXNativeTarget section */

/* Begin PBXProject section */
		F87F194E2BCB559C003A2CA6 /* Project object */ = {
			isa = PBXProject;
			attributes = {
				BuildIndependentTargetsInParallel = 1;
				LastSwiftUpdateCheck = 1520;
				LastUpgradeCheck = 1520;
				TargetAttributes = {
					F87F19552BCB559C003A2CA6 = {
						CreatedOnToolsVersion = 15.2;
					};
					F87F19652BCB559E003A2CA6 = {
						CreatedOnToolsVersion = 15.2;
						TestTargetID = F87F19552BCB559C003A2CA6;
					};
					F87F196F2BCB559E003A2CA6 = {
						CreatedOnToolsVersion = 15.2;
						TestTargetID = F87F19552BCB559C003A2CA6;
					};
				};
			};
			buildConfigurationList = F87F19512BCB559C003A2CA6 /* Build configuration list for PBXProject "MySurveyChallenge" */;
			compatibilityVersion = "Xcode 14.0";
			developmentRegion = en;
			hasScannedForEncodings = 0;
			knownRegions = (
				en,
				Base,
			);
			mainGroup = F87F194D2BCB559C003A2CA6;
			productRefGroup = F87F19572BCB559C003A2CA6 /* Products */;
			projectDirPath = "";
			projectRoot = "";
			targets = (
				F87F19552BCB559C003A2CA6 /* MySurveyChallenge */,
				F87F19652BCB559E003A2CA6 /* MySurveyChallengeTests */,
				F87F196F2BCB559E003A2CA6 /* MySurveyChallengeUITests */,
			);
		};
/* End PBXProject section */

/* Begin PBXResourcesBuildPhase section */
		F87F19542BCB559C003A2CA6 /* Resources */ = {
			isa = PBXResourcesBuildPhase;
			buildActionMask = 2147483647;
			files = (
				F87F19CB2BCB7918003A2CA6 /* NeuzeitSLTStd-Book.otf in Resources */,
				F87F19CC2BCB7918003A2CA6 /* NeuzeitSLTStd-BookHeavy.otf in Resources */,
				F87F19612BCB559E003A2CA6 /* Preview Assets.xcassets in Resources */,
				F87F195E2BCB559E003A2CA6 /* Assets.xcassets in Resources */,
			);
			runOnlyForDeploymentPostprocessing = 0;
		};
		F87F19642BCB559E003A2CA6 /* Resources */ = {
			isa = PBXResourcesBuildPhase;
			buildActionMask = 2147483647;
			files = (
			);
			runOnlyForDeploymentPostprocessing = 0;
		};
		F87F196E2BCB559E003A2CA6 /* Resources */ = {
			isa = PBXResourcesBuildPhase;
			buildActionMask = 2147483647;
			files = (
			);
			runOnlyForDeploymentPostprocessing = 0;
		};
/* End PBXResourcesBuildPhase section */

/* Begin PBXShellScriptBuildPhase section */
		AAE9783F3731E6534710E59E /* [CP] Embed Pods Frameworks */ = {
			isa = PBXShellScriptBuildPhase;
			buildActionMask = 2147483647;
			files = (
			);
			inputFileListPaths = (
				"${PODS_ROOT}/Target Support Files/Pods-MySurveyChallenge-MySurveyChallengeUITests/Pods-MySurveyChallenge-MySurveyChallengeUITests-frameworks-${CONFIGURATION}-input-files.xcfilelist",
			);
			name = "[CP] Embed Pods Frameworks";
			outputFileListPaths = (
				"${PODS_ROOT}/Target Support Files/Pods-MySurveyChallenge-MySurveyChallengeUITests/Pods-MySurveyChallenge-MySurveyChallengeUITests-frameworks-${CONFIGURATION}-output-files.xcfilelist",
			);
			runOnlyForDeploymentPostprocessing = 0;
			shellPath = /bin/sh;
			shellScript = "\"${PODS_ROOT}/Target Support Files/Pods-MySurveyChallenge-MySurveyChallengeUITests/Pods-MySurveyChallenge-MySurveyChallengeUITests-frameworks.sh\"\n";
			showEnvVarsInLog = 0;
		};
		DBA5CD54AD3477DA690A546C /* [CP] Check Pods Manifest.lock */ = {
			isa = PBXShellScriptBuildPhase;
			buildActionMask = 2147483647;
			files = (
			);
			inputFileListPaths = (
			);
			inputPaths = (
				"${PODS_PODFILE_DIR_PATH}/Podfile.lock",
				"${PODS_ROOT}/Manifest.lock",
			);
			name = "[CP] Check Pods Manifest.lock";
			outputFileListPaths = (
			);
			outputPaths = (
				"$(DERIVED_FILE_DIR)/Pods-MySurveyChallenge-checkManifestLockResult.txt",
			);
			runOnlyForDeploymentPostprocessing = 0;
			shellPath = /bin/sh;
			shellScript = "diff \"${PODS_PODFILE_DIR_PATH}/Podfile.lock\" \"${PODS_ROOT}/Manifest.lock\" > /dev/null\nif [ $? != 0 ] ; then\n    # print error to STDERR\n    echo \"error: The sandbox is not in sync with the Podfile.lock. Run 'pod install' or update your CocoaPods installation.\" >&2\n    exit 1\nfi\n# This output is used by Xcode 'outputs' to avoid re-running this script phase.\necho \"SUCCESS\" > \"${SCRIPT_OUTPUT_FILE_0}\"\n";
			showEnvVarsInLog = 0;
		};
		ED5495ED2B7574B25A4518E7 /* [CP] Embed Pods Frameworks */ = {
			isa = PBXShellScriptBuildPhase;
			buildActionMask = 2147483647;
			files = (
			);
			inputFileListPaths = (
				"${PODS_ROOT}/Target Support Files/Pods-MySurveyChallengeTests/Pods-MySurveyChallengeTests-frameworks-${CONFIGURATION}-input-files.xcfilelist",
			);
			name = "[CP] Embed Pods Frameworks";
			outputFileListPaths = (
				"${PODS_ROOT}/Target Support Files/Pods-MySurveyChallengeTests/Pods-MySurveyChallengeTests-frameworks-${CONFIGURATION}-output-files.xcfilelist",
			);
			runOnlyForDeploymentPostprocessing = 0;
			shellPath = /bin/sh;
			shellScript = "\"${PODS_ROOT}/Target Support Files/Pods-MySurveyChallengeTests/Pods-MySurveyChallengeTests-frameworks.sh\"\n";
			showEnvVarsInLog = 0;
		};
		F2DC743E03417A8B62F783E5 /* [CP] Check Pods Manifest.lock */ = {
			isa = PBXShellScriptBuildPhase;
			buildActionMask = 2147483647;
			files = (
			);
			inputFileListPaths = (
			);
			inputPaths = (
				"${PODS_PODFILE_DIR_PATH}/Podfile.lock",
				"${PODS_ROOT}/Manifest.lock",
			);
			name = "[CP] Check Pods Manifest.lock";
			outputFileListPaths = (
			);
			outputPaths = (
				"$(DERIVED_FILE_DIR)/Pods-MySurveyChallengeTests-checkManifestLockResult.txt",
			);
			runOnlyForDeploymentPostprocessing = 0;
			shellPath = /bin/sh;
			shellScript = "diff \"${PODS_PODFILE_DIR_PATH}/Podfile.lock\" \"${PODS_ROOT}/Manifest.lock\" > /dev/null\nif [ $? != 0 ] ; then\n    # print error to STDERR\n    echo \"error: The sandbox is not in sync with the Podfile.lock. Run 'pod install' or update your CocoaPods installation.\" >&2\n    exit 1\nfi\n# This output is used by Xcode 'outputs' to avoid re-running this script phase.\necho \"SUCCESS\" > \"${SCRIPT_OUTPUT_FILE_0}\"\n";
			showEnvVarsInLog = 0;
		};
		F6AA2D07EAB08272CF1DAD1A /* [CP] Embed Pods Frameworks */ = {
			isa = PBXShellScriptBuildPhase;
			buildActionMask = 2147483647;
			files = (
			);
			inputFileListPaths = (
				"${PODS_ROOT}/Target Support Files/Pods-MySurveyChallenge/Pods-MySurveyChallenge-frameworks-${CONFIGURATION}-input-files.xcfilelist",
			);
			name = "[CP] Embed Pods Frameworks";
			outputFileListPaths = (
				"${PODS_ROOT}/Target Support Files/Pods-MySurveyChallenge/Pods-MySurveyChallenge-frameworks-${CONFIGURATION}-output-files.xcfilelist",
			);
			runOnlyForDeploymentPostprocessing = 0;
			shellPath = /bin/sh;
			shellScript = "\"${PODS_ROOT}/Target Support Files/Pods-MySurveyChallenge/Pods-MySurveyChallenge-frameworks.sh\"\n";
			showEnvVarsInLog = 0;
		};
		F87F19CF2BCB7968003A2CA6 /* R.swift */ = {
			isa = PBXShellScriptBuildPhase;
			alwaysOutOfDate = 1;
			buildActionMask = 2147483647;
			files = (
			);
			inputFileListPaths = (
			);
			inputPaths = (
			);
			name = R.swift;
			outputFileListPaths = (
			);
			outputPaths = (
				$SRCROOT/Generated/Rswift/R.generated.swift,
			);
			runOnlyForDeploymentPostprocessing = 0;
			shellPath = /bin/sh;
			shellScript = "# Type a script or drag a script file from your workspace to insert its path.\n\"$PODS_ROOT/R.swift/rswift\" generate \"$SRCROOT/Generated/Rswift/R.generated.swift\"\n";
		};
		FA47A2A5F2DE1F6454EE75BA /* [CP] Check Pods Manifest.lock */ = {
			isa = PBXShellScriptBuildPhase;
			buildActionMask = 2147483647;
			files = (
			);
			inputFileListPaths = (
			);
			inputPaths = (
				"${PODS_PODFILE_DIR_PATH}/Podfile.lock",
				"${PODS_ROOT}/Manifest.lock",
			);
			name = "[CP] Check Pods Manifest.lock";
			outputFileListPaths = (
			);
			outputPaths = (
				"$(DERIVED_FILE_DIR)/Pods-MySurveyChallenge-MySurveyChallengeUITests-checkManifestLockResult.txt",
			);
			runOnlyForDeploymentPostprocessing = 0;
			shellPath = /bin/sh;
			shellScript = "diff \"${PODS_PODFILE_DIR_PATH}/Podfile.lock\" \"${PODS_ROOT}/Manifest.lock\" > /dev/null\nif [ $? != 0 ] ; then\n    # print error to STDERR\n    echo \"error: The sandbox is not in sync with the Podfile.lock. Run 'pod install' or update your CocoaPods installation.\" >&2\n    exit 1\nfi\n# This output is used by Xcode 'outputs' to avoid re-running this script phase.\necho \"SUCCESS\" > \"${SCRIPT_OUTPUT_FILE_0}\"\n";
			showEnvVarsInLog = 0;
		};
/* End PBXShellScriptBuildPhase section */

/* Begin PBXSourcesBuildPhase section */
		F87F19522BCB559C003A2CA6 /* Sources */ = {
			isa = PBXSourcesBuildPhase;
			buildActionMask = 2147483647;
			files = (
				F86EDCFB2BCBDFBA004E98C6 /* LoginScreen.swift in Sources */,
				F87F19EB2BCB911C003A2CA6 /* ConsoleLogEventMonitor.swift in Sources */,
				F87F19DF2BCB8E69003A2CA6 /* RequestEndpoint.swift in Sources */,
				F87F19DB2BCB8967003A2CA6 /* NetworkAPIClient.swift in Sources */,
				F87F19E22BCB8FB6003A2CA6 /* NetworkJSONAPIClient.swift in Sources */,
				F87F195C2BCB559C003A2CA6 /* ContentView.swift in Sources */,
				F87F19ED2BCB915A003A2CA6 /* NetworkAPIClientProvider.swift in Sources */,
				F87F195A2BCB559C003A2CA6 /* MySurveyChallengeApp.swift in Sources */,
				F86EDD002BCBE117004E98C6 /* LoginViewModel.swift in Sources */,
				F87F198A2BCB6B01003A2CA6 /* Config.swift in Sources */,
				F87F19DD2BCB8988003A2CA6 /* NetworkAPIError.swift in Sources */,
				F8A2FE932BCC30D6003AA6BE /* UIWindow+.swift in Sources */,
				F87F19D42BCB7B53003A2CA6 /* R.generated.swift in Sources */,
				F86EDD032BCBE171004E98C6 /* View+.swift in Sources */,
				F87F19E42BCB9026003A2CA6 /* JapxResponse.swift in Sources */,
				F86EDCFE2BCBE0F5004E98C6 /* InputFieldModifier.swift in Sources */,
				F87F19E72BCB90B2003A2CA6 /* NetworkAPIClientFactory.swift in Sources */,
			);
			runOnlyForDeploymentPostprocessing = 0;
		};
		F87F19622BCB559E003A2CA6 /* Sources */ = {
			isa = PBXSourcesBuildPhase;
			buildActionMask = 2147483647;
			files = (
				F87F19F62BCB9359003A2CA6 /* DummyRequestEndpoint.swift in Sources */,
				F87F19C72BCB7566003A2CA6 /* ConfigSpec.swift in Sources */,
				F87F19F92BCB93EC003A2CA6 /* String+.swift in Sources */,
				F87F1A052BCB9C20003A2CA6 /* HTTPRequestStubber.swift in Sources */,
				F86EDD072BCBE6AA004E98C6 /* LoginViewModelSpec.swift in Sources */,
				F87F1A012BCB9B4D003A2CA6 /* NetworkJSONAPIClientSpec.swift in Sources */,
				F87F19F42BCB9338003A2CA6 /* DummyJSONAPIDTO.swift in Sources */,
			);
			runOnlyForDeploymentPostprocessing = 0;
		};
		F87F196C2BCB559E003A2CA6 /* Sources */ = {
			isa = PBXSourcesBuildPhase;
			buildActionMask = 2147483647;
			files = (
				F87F19772BCB559E003A2CA6 /* MySurveyChallengeUITestsLaunchTests.swift in Sources */,
				F87F19752BCB559E003A2CA6 /* MySurveyChallengeUITests.swift in Sources */,
			);
			runOnlyForDeploymentPostprocessing = 0;
		};
/* End PBXSourcesBuildPhase section */

/* Begin PBXTargetDependency section */
		F87F19682BCB559E003A2CA6 /* PBXTargetDependency */ = {
			isa = PBXTargetDependency;
			target = F87F19552BCB559C003A2CA6 /* MySurveyChallenge */;
			targetProxy = F87F19672BCB559E003A2CA6 /* PBXContainerItemProxy */;
		};
		F87F19722BCB559E003A2CA6 /* PBXTargetDependency */ = {
			isa = PBXTargetDependency;
			target = F87F19552BCB559C003A2CA6 /* MySurveyChallenge */;
			targetProxy = F87F19712BCB559E003A2CA6 /* PBXContainerItemProxy */;
		};
/* End PBXTargetDependency section */

/* Begin XCBuildConfiguration section */
		F87F19782BCB559E003A2CA6 /* Debug */ = {
			isa = XCBuildConfiguration;
			baseConfigurationReference = F87F19852BCB69C2003A2CA6 /* Production.xcconfig */;
			buildSettings = {
				ALWAYS_SEARCH_USER_PATHS = NO;
				ASSETCATALOG_COMPILER_GENERATE_SWIFT_ASSET_SYMBOL_EXTENSIONS = YES;
				CLANG_ANALYZER_NONNULL = YES;
				CLANG_ANALYZER_NUMBER_OBJECT_CONVERSION = YES_AGGRESSIVE;
				CLANG_CXX_LANGUAGE_STANDARD = "gnu++20";
				CLANG_ENABLE_MODULES = YES;
				CLANG_ENABLE_OBJC_ARC = YES;
				CLANG_ENABLE_OBJC_WEAK = YES;
				CLANG_WARN_BLOCK_CAPTURE_AUTORELEASING = YES;
				CLANG_WARN_BOOL_CONVERSION = YES;
				CLANG_WARN_COMMA = YES;
				CLANG_WARN_CONSTANT_CONVERSION = YES;
				CLANG_WARN_DEPRECATED_OBJC_IMPLEMENTATIONS = YES;
				CLANG_WARN_DIRECT_OBJC_ISA_USAGE = YES_ERROR;
				CLANG_WARN_DOCUMENTATION_COMMENTS = YES;
				CLANG_WARN_EMPTY_BODY = YES;
				CLANG_WARN_ENUM_CONVERSION = YES;
				CLANG_WARN_INFINITE_RECURSION = YES;
				CLANG_WARN_INT_CONVERSION = YES;
				CLANG_WARN_NON_LITERAL_NULL_CONVERSION = YES;
				CLANG_WARN_OBJC_IMPLICIT_RETAIN_SELF = YES;
				CLANG_WARN_OBJC_LITERAL_CONVERSION = YES;
				CLANG_WARN_OBJC_ROOT_CLASS = YES_ERROR;
				CLANG_WARN_QUOTED_INCLUDE_IN_FRAMEWORK_HEADER = YES;
				CLANG_WARN_RANGE_LOOP_ANALYSIS = YES;
				CLANG_WARN_STRICT_PROTOTYPES = YES;
				CLANG_WARN_SUSPICIOUS_MOVE = YES;
				CLANG_WARN_UNGUARDED_AVAILABILITY = YES_AGGRESSIVE;
				CLANG_WARN_UNREACHABLE_CODE = YES;
				CLANG_WARN__DUPLICATE_METHOD_MATCH = YES;
				COPY_PHASE_STRIP = NO;
				DEBUG_INFORMATION_FORMAT = dwarf;
				ENABLE_STRICT_OBJC_MSGSEND = YES;
				ENABLE_TESTABILITY = YES;
				ENABLE_USER_SCRIPT_SANDBOXING = NO;
				GCC_C_LANGUAGE_STANDARD = gnu17;
				GCC_DYNAMIC_NO_PIC = NO;
				GCC_NO_COMMON_BLOCKS = YES;
				GCC_OPTIMIZATION_LEVEL = 0;
				GCC_PREPROCESSOR_DEFINITIONS = (
					"DEBUG=1",
					"$(inherited)",
				);
				GCC_WARN_64_TO_32_BIT_CONVERSION = YES;
				GCC_WARN_ABOUT_RETURN_TYPE = YES_ERROR;
				GCC_WARN_UNDECLARED_SELECTOR = YES;
				GCC_WARN_UNINITIALIZED_AUTOS = YES_AGGRESSIVE;
				GCC_WARN_UNUSED_FUNCTION = YES;
				GCC_WARN_UNUSED_VARIABLE = YES;
				IPHONEOS_DEPLOYMENT_TARGET = 15.0;
				LOCALIZATION_PREFERS_STRING_CATALOGS = YES;
				MTL_ENABLE_DEBUG_INFO = INCLUDE_SOURCE;
				MTL_FAST_MATH = YES;
				ONLY_ACTIVE_ARCH = YES;
				SDKROOT = iphoneos;
				SWIFT_ACTIVE_COMPILATION_CONDITIONS = "DEBUG $(inherited)";
				SWIFT_OPTIMIZATION_LEVEL = "-Onone";
			};
			name = Debug;
		};
		F87F19792BCB559E003A2CA6 /* Release */ = {
			isa = XCBuildConfiguration;
			baseConfigurationReference = F87F19852BCB69C2003A2CA6 /* Production.xcconfig */;
			buildSettings = {
				ALWAYS_SEARCH_USER_PATHS = NO;
				ASSETCATALOG_COMPILER_GENERATE_SWIFT_ASSET_SYMBOL_EXTENSIONS = YES;
				CLANG_ANALYZER_NONNULL = YES;
				CLANG_ANALYZER_NUMBER_OBJECT_CONVERSION = YES_AGGRESSIVE;
				CLANG_CXX_LANGUAGE_STANDARD = "gnu++20";
				CLANG_ENABLE_MODULES = YES;
				CLANG_ENABLE_OBJC_ARC = YES;
				CLANG_ENABLE_OBJC_WEAK = YES;
				CLANG_WARN_BLOCK_CAPTURE_AUTORELEASING = YES;
				CLANG_WARN_BOOL_CONVERSION = YES;
				CLANG_WARN_COMMA = YES;
				CLANG_WARN_CONSTANT_CONVERSION = YES;
				CLANG_WARN_DEPRECATED_OBJC_IMPLEMENTATIONS = YES;
				CLANG_WARN_DIRECT_OBJC_ISA_USAGE = YES_ERROR;
				CLANG_WARN_DOCUMENTATION_COMMENTS = YES;
				CLANG_WARN_EMPTY_BODY = YES;
				CLANG_WARN_ENUM_CONVERSION = YES;
				CLANG_WARN_INFINITE_RECURSION = YES;
				CLANG_WARN_INT_CONVERSION = YES;
				CLANG_WARN_NON_LITERAL_NULL_CONVERSION = YES;
				CLANG_WARN_OBJC_IMPLICIT_RETAIN_SELF = YES;
				CLANG_WARN_OBJC_LITERAL_CONVERSION = YES;
				CLANG_WARN_OBJC_ROOT_CLASS = YES_ERROR;
				CLANG_WARN_QUOTED_INCLUDE_IN_FRAMEWORK_HEADER = YES;
				CLANG_WARN_RANGE_LOOP_ANALYSIS = YES;
				CLANG_WARN_STRICT_PROTOTYPES = YES;
				CLANG_WARN_SUSPICIOUS_MOVE = YES;
				CLANG_WARN_UNGUARDED_AVAILABILITY = YES_AGGRESSIVE;
				CLANG_WARN_UNREACHABLE_CODE = YES;
				CLANG_WARN__DUPLICATE_METHOD_MATCH = YES;
				COPY_PHASE_STRIP = NO;
				DEBUG_INFORMATION_FORMAT = "dwarf-with-dsym";
				ENABLE_NS_ASSERTIONS = NO;
				ENABLE_STRICT_OBJC_MSGSEND = YES;
				ENABLE_USER_SCRIPT_SANDBOXING = NO;
				GCC_C_LANGUAGE_STANDARD = gnu17;
				GCC_NO_COMMON_BLOCKS = YES;
				GCC_WARN_64_TO_32_BIT_CONVERSION = YES;
				GCC_WARN_ABOUT_RETURN_TYPE = YES_ERROR;
				GCC_WARN_UNDECLARED_SELECTOR = YES;
				GCC_WARN_UNINITIALIZED_AUTOS = YES_AGGRESSIVE;
				GCC_WARN_UNUSED_FUNCTION = YES;
				GCC_WARN_UNUSED_VARIABLE = YES;
				IPHONEOS_DEPLOYMENT_TARGET = 15.0;
				LOCALIZATION_PREFERS_STRING_CATALOGS = YES;
				MTL_ENABLE_DEBUG_INFO = NO;
				MTL_FAST_MATH = YES;
				SDKROOT = iphoneos;
				SWIFT_COMPILATION_MODE = wholemodule;
				VALIDATE_PRODUCT = YES;
			};
			name = Release;
		};
		F87F197B2BCB559E003A2CA6 /* Debug */ = {
			isa = XCBuildConfiguration;
			baseConfigurationReference = A5D759E830BF01829BEAEC66 /* Pods-MySurveyChallenge.debug.xcconfig */;
			buildSettings = {
				ASSETCATALOG_COMPILER_APPICON_NAME = AppIcon;
				ASSETCATALOG_COMPILER_GLOBAL_ACCENT_COLOR_NAME = AccentColor;
				CODE_SIGN_STYLE = Automatic;
				CURRENT_PROJECT_VERSION = 1;
				DEVELOPMENT_ASSET_PATHS = "\"MySurveyChallenge/Preview Content\"";
				DEVELOPMENT_TEAM = 6P62CCW5K5;
				ENABLE_PREVIEWS = YES;
				GENERATE_INFOPLIST_FILE = YES;
				INFOPLIST_FILE = MySurveyChallenge/Configurations/Info.plist;
				INFOPLIST_KEY_UIApplicationSceneManifest_Generation = YES;
				INFOPLIST_KEY_UIApplicationSupportsIndirectInputEvents = YES;
				INFOPLIST_KEY_UILaunchScreen_Generation = YES;
				INFOPLIST_KEY_UISupportedInterfaceOrientations = UIInterfaceOrientationPortrait;
				LD_RUNPATH_SEARCH_PATHS = (
					"$(inherited)",
					"@executable_path/Frameworks",
				);
				MARKETING_VERSION = 1.0;
				PRODUCT_BUNDLE_IDENTIFIER = dev.luunguyen.MySurveyChallenge;
				PRODUCT_NAME = "$(TARGET_NAME)";
				SUPPORTED_PLATFORMS = "iphoneos iphonesimulator";
				SUPPORTS_MACCATALYST = NO;
				SUPPORTS_MAC_DESIGNED_FOR_IPHONE_IPAD = NO;
				SUPPORTS_XR_DESIGNED_FOR_IPHONE_IPAD = NO;
				SWIFT_EMIT_LOC_STRINGS = YES;
				SWIFT_VERSION = 5.0;
				TARGETED_DEVICE_FAMILY = "1,2";
			};
			name = Debug;
		};
		F87F197C2BCB559E003A2CA6 /* Release */ = {
			isa = XCBuildConfiguration;
			baseConfigurationReference = 76312B7B83C582764DA8CF1F /* Pods-MySurveyChallenge.release.xcconfig */;
			buildSettings = {
				ASSETCATALOG_COMPILER_APPICON_NAME = AppIcon;
				ASSETCATALOG_COMPILER_GLOBAL_ACCENT_COLOR_NAME = AccentColor;
				CODE_SIGN_STYLE = Automatic;
				CURRENT_PROJECT_VERSION = 1;
				DEVELOPMENT_ASSET_PATHS = "\"MySurveyChallenge/Preview Content\"";
				DEVELOPMENT_TEAM = 6P62CCW5K5;
				ENABLE_PREVIEWS = YES;
				GENERATE_INFOPLIST_FILE = YES;
				INFOPLIST_FILE = MySurveyChallenge/Configurations/Info.plist;
				INFOPLIST_KEY_UIApplicationSceneManifest_Generation = YES;
				INFOPLIST_KEY_UIApplicationSupportsIndirectInputEvents = YES;
				INFOPLIST_KEY_UILaunchScreen_Generation = YES;
				INFOPLIST_KEY_UISupportedInterfaceOrientations = UIInterfaceOrientationPortrait;
				LD_RUNPATH_SEARCH_PATHS = (
					"$(inherited)",
					"@executable_path/Frameworks",
				);
				MARKETING_VERSION = 1.0;
				PRODUCT_BUNDLE_IDENTIFIER = dev.luunguyen.MySurveyChallenge;
				PRODUCT_NAME = "$(TARGET_NAME)";
				SUPPORTED_PLATFORMS = "iphoneos iphonesimulator";
				SUPPORTS_MACCATALYST = NO;
				SUPPORTS_MAC_DESIGNED_FOR_IPHONE_IPAD = NO;
				SUPPORTS_XR_DESIGNED_FOR_IPHONE_IPAD = NO;
				SWIFT_EMIT_LOC_STRINGS = YES;
				SWIFT_VERSION = 5.0;
				TARGETED_DEVICE_FAMILY = "1,2";
			};
			name = Release;
		};
		F87F197E2BCB559E003A2CA6 /* Debug */ = {
			isa = XCBuildConfiguration;
			baseConfigurationReference = A43B6AAC0D715D96310CC5E1 /* Pods-MySurveyChallengeTests.debug.xcconfig */;
			buildSettings = {
				ALWAYS_EMBED_SWIFT_STANDARD_LIBRARIES = "$(inherited)";
				BUNDLE_LOADER = "$(TEST_HOST)";
				CODE_SIGN_STYLE = Automatic;
				CURRENT_PROJECT_VERSION = 1;
				DEVELOPMENT_TEAM = 6P62CCW5K5;
				GENERATE_INFOPLIST_FILE = YES;
				IPHONEOS_DEPLOYMENT_TARGET = 15.0;
				MARKETING_VERSION = 1.0;
				PRODUCT_BUNDLE_IDENTIFIER = dev.luunguyen.MySurveyChallengeTests;
				PRODUCT_NAME = "$(TARGET_NAME)";
				SUPPORTED_PLATFORMS = "iphoneos iphonesimulator";
				SUPPORTS_MACCATALYST = NO;
				SUPPORTS_MAC_DESIGNED_FOR_IPHONE_IPAD = NO;
				SUPPORTS_XR_DESIGNED_FOR_IPHONE_IPAD = NO;
				SWIFT_EMIT_LOC_STRINGS = NO;
				SWIFT_VERSION = 5.0;
				TARGETED_DEVICE_FAMILY = "1,2";
				TEST_HOST = "$(BUILT_PRODUCTS_DIR)/MySurveyChallenge.app/$(BUNDLE_EXECUTABLE_FOLDER_PATH)/MySurveyChallenge";
			};
			name = Debug;
		};
		F87F197F2BCB559E003A2CA6 /* Release */ = {
			isa = XCBuildConfiguration;
			baseConfigurationReference = 623C900A3A21B1A9B3B7B10C /* Pods-MySurveyChallengeTests.release.xcconfig */;
			buildSettings = {
				ALWAYS_EMBED_SWIFT_STANDARD_LIBRARIES = "$(inherited)";
				BUNDLE_LOADER = "$(TEST_HOST)";
				CODE_SIGN_STYLE = Automatic;
				CURRENT_PROJECT_VERSION = 1;
				DEVELOPMENT_TEAM = 6P62CCW5K5;
				GENERATE_INFOPLIST_FILE = YES;
				IPHONEOS_DEPLOYMENT_TARGET = 15.0;
				MARKETING_VERSION = 1.0;
				PRODUCT_BUNDLE_IDENTIFIER = dev.luunguyen.MySurveyChallengeTests;
				PRODUCT_NAME = "$(TARGET_NAME)";
				SUPPORTED_PLATFORMS = "iphoneos iphonesimulator";
				SUPPORTS_MACCATALYST = NO;
				SUPPORTS_MAC_DESIGNED_FOR_IPHONE_IPAD = NO;
				SUPPORTS_XR_DESIGNED_FOR_IPHONE_IPAD = NO;
				SWIFT_EMIT_LOC_STRINGS = NO;
				SWIFT_VERSION = 5.0;
				TARGETED_DEVICE_FAMILY = "1,2";
				TEST_HOST = "$(BUILT_PRODUCTS_DIR)/MySurveyChallenge.app/$(BUNDLE_EXECUTABLE_FOLDER_PATH)/MySurveyChallenge";
			};
			name = Release;
		};
		F87F19812BCB559E003A2CA6 /* Debug */ = {
			isa = XCBuildConfiguration;
			baseConfigurationReference = 5F02FE1D3BBEC5CB40E82691 /* Pods-MySurveyChallenge-MySurveyChallengeUITests.debug.xcconfig */;
			buildSettings = {
				ALWAYS_EMBED_SWIFT_STANDARD_LIBRARIES = "$(inherited)";
				CODE_SIGN_STYLE = Automatic;
				CURRENT_PROJECT_VERSION = 1;
				DEVELOPMENT_TEAM = 6P62CCW5K5;
				GENERATE_INFOPLIST_FILE = YES;
				MARKETING_VERSION = 1.0;
				PRODUCT_BUNDLE_IDENTIFIER = dev.luunguyen.MySurveyChallengeUITests;
				PRODUCT_NAME = "$(TARGET_NAME)";
				SUPPORTED_PLATFORMS = "iphoneos iphonesimulator";
				SUPPORTS_MACCATALYST = NO;
				SUPPORTS_MAC_DESIGNED_FOR_IPHONE_IPAD = NO;
				SUPPORTS_XR_DESIGNED_FOR_IPHONE_IPAD = NO;
				SWIFT_EMIT_LOC_STRINGS = NO;
				SWIFT_VERSION = 5.0;
				TARGETED_DEVICE_FAMILY = "1,2";
				TEST_TARGET_NAME = MySurveyChallenge;
			};
			name = Debug;
		};
		F87F19822BCB559E003A2CA6 /* Release */ = {
			isa = XCBuildConfiguration;
			baseConfigurationReference = 7BDC9C1E8C5172C29281EAF3 /* Pods-MySurveyChallenge-MySurveyChallengeUITests.release.xcconfig */;
			buildSettings = {
				ALWAYS_EMBED_SWIFT_STANDARD_LIBRARIES = "$(inherited)";
				CODE_SIGN_STYLE = Automatic;
				CURRENT_PROJECT_VERSION = 1;
				DEVELOPMENT_TEAM = 6P62CCW5K5;
				GENERATE_INFOPLIST_FILE = YES;
				MARKETING_VERSION = 1.0;
				PRODUCT_BUNDLE_IDENTIFIER = dev.luunguyen.MySurveyChallengeUITests;
				PRODUCT_NAME = "$(TARGET_NAME)";
				SUPPORTED_PLATFORMS = "iphoneos iphonesimulator";
				SUPPORTS_MACCATALYST = NO;
				SUPPORTS_MAC_DESIGNED_FOR_IPHONE_IPAD = NO;
				SUPPORTS_XR_DESIGNED_FOR_IPHONE_IPAD = NO;
				SWIFT_EMIT_LOC_STRINGS = NO;
				SWIFT_VERSION = 5.0;
				TARGETED_DEVICE_FAMILY = "1,2";
				TEST_TARGET_NAME = MySurveyChallenge;
			};
			name = Release;
		};
/* End XCBuildConfiguration section */

/* Begin XCConfigurationList section */
		F87F19512BCB559C003A2CA6 /* Build configuration list for PBXProject "MySurveyChallenge" */ = {
			isa = XCConfigurationList;
			buildConfigurations = (
				F87F19782BCB559E003A2CA6 /* Debug */,
				F87F19792BCB559E003A2CA6 /* Release */,
			);
			defaultConfigurationIsVisible = 0;
			defaultConfigurationName = Release;
		};
		F87F197A2BCB559E003A2CA6 /* Build configuration list for PBXNativeTarget "MySurveyChallenge" */ = {
			isa = XCConfigurationList;
			buildConfigurations = (
				F87F197B2BCB559E003A2CA6 /* Debug */,
				F87F197C2BCB559E003A2CA6 /* Release */,
			);
			defaultConfigurationIsVisible = 0;
			defaultConfigurationName = Release;
		};
		F87F197D2BCB559E003A2CA6 /* Build configuration list for PBXNativeTarget "MySurveyChallengeTests" */ = {
			isa = XCConfigurationList;
			buildConfigurations = (
				F87F197E2BCB559E003A2CA6 /* Debug */,
				F87F197F2BCB559E003A2CA6 /* Release */,
			);
			defaultConfigurationIsVisible = 0;
			defaultConfigurationName = Release;
		};
		F87F19802BCB559E003A2CA6 /* Build configuration list for PBXNativeTarget "MySurveyChallengeUITests" */ = {
			isa = XCConfigurationList;
			buildConfigurations = (
				F87F19812BCB559E003A2CA6 /* Debug */,
				F87F19822BCB559E003A2CA6 /* Release */,
			);
			defaultConfigurationIsVisible = 0;
			defaultConfigurationName = Release;
		};
/* End XCConfigurationList section */
	};
	rootObject = F87F194E2BCB559C003A2CA6 /* Project object */;
}
